
Microsoft Visual Studio Solution File, Format Version 12.00
# Visual Studio Version 16
VisualStudioVersion = 16.0.29728.190
MinimumVisualStudioVersion = 10.0.40219.1
Project("{9A19103F-16F7-4668-BE54-9A1E7A4F7556}") = "FindMyMACNotMacintosh", "FindMyMACNotMacintosh.csproj", "{55CE19AD-9CA0-4F3E-9DB8-CC80D9C475FC}"
EndProject
Global
	GlobalSection(SolutionConfigurationPlatforms) = preSolution
		Debug|Any CPU = Debug|Any CPU
		Debug|x86 = Debug|x86
		Release|Any CPU = Release|Any CPU
		Release|x86 = Release|x86
	EndGlobalSection
	GlobalSection(ProjectConfigurationPlatforms) = postSolution
		{55CE19AD-9CA0-4F3E-9DB8-CC80D9C475FC}.Debug|Any CPU.ActiveCfg = Debug|Any CPU
		{55CE19AD-9CA0-4F3E-9DB8-CC80D9C475FC}.Debug|Any CPU.Build.0 = Debug|Any CPU
		{55CE19AD-9CA0-4F3E-9DB8-CC80D9C475FC}.Debug|x86.ActiveCfg = Debug|x86
		{55CE19AD-9CA0-4F3E-9DB8-CC80D9C475FC}.Debug|x86.Build.0 = Debug|x86
		{55CE19AD-9CA0-4F3E-9DB8-CC80D9C475FC}.Release|Any CPU.ActiveCfg = Release|Any CPU
		{55CE19AD-9CA0-4F3E-9DB8-CC80D9C475FC}.Release|Any CPU.Build.0 = Release|Any CPU
		{55CE19AD-9CA0-4F3E-9DB8-CC80D9C475FC}.Release|x86.ActiveCfg = Release|x86
		{55CE19AD-9CA0-4F3E-9DB8-CC80D9C475FC}.Release|x86.Build.0 = Release|x86
	EndGlobalSection
	GlobalSection(SolutionProperties) = preSolution
		HideSolutionNode = FALSE
	EndGlobalSection
	GlobalSection(ExtensibilityGlobals) = postSolution
		SolutionGuid = {66E55B13-B012-490B-BB20-012565B84192}
	EndGlobalSection
EndGlobal
